
Microsoft Visual Studio Solution File, Format Version 12.00
# Visual Studio Version 16
VisualStudioVersion = 16.0.30907.101
MinimumVisualStudioVersion = 10.0.40219.1
Project("{9A19103F-16F7-4668-BE54-9A1E7A4F7556}") = "Lekkerbek12Gip", "Lekkerbek12Gip\Lekkerbek12Gip.csproj", "{CF082D9D-F488-4148-A423-BAADF8DBDA88}"
EndProject
Global
	GlobalSection(SolutionConfigurationPlatforms) = preSolution
		Debug|Any CPU = Debug|Any CPU
		Release|Any CPU = Release|Any CPU
	EndGlobalSection
	GlobalSection(ProjectConfigurationPlatforms) = postSolution
		{CF082D9D-F488-4148-A423-BAADF8DBDA88}.Debug|Any CPU.ActiveCfg = Debug|Any CPU
		{CF082D9D-F488-4148-A423-BAADF8DBDA88}.Debug|Any CPU.Build.0 = Debug|Any CPU
		{CF082D9D-F488-4148-A423-BAADF8DBDA88}.Release|Any CPU.ActiveCfg = Release|Any CPU
		{CF082D9D-F488-4148-A423-BAADF8DBDA88}.Release|Any CPU.Build.0 = Release|Any CPU
	EndGlobalSection
	GlobalSection(SolutionProperties) = preSolution
		HideSolutionNode = FALSE
	EndGlobalSection
	GlobalSection(ExtensibilityGlobals) = postSolution
		SolutionGuid = {8778C89D-B583-4845-A19D-9BC320430761}
	EndGlobalSection
EndGlobal
